
Microsoft Visual Studio Solution File, Format Version 12.00
# Visual Studio Version 17
VisualStudioVersion = 17.13.35913.81 d17.13
MinimumVisualStudioVersion = 10.0.40219.1
Project("{FAE04EC0-301F-11D3-BF4B-00C04F79EFBC}") = "Authentication", "Authentication.csproj", "{6FE57FDA-6D5E-42B0-8870-9A359980C3D6}"
EndProject
Global
	GlobalSection(SolutionConfigurationPlatforms) = preSolution
		Debug|Any CPU = Debug|Any CPU
		Release|Any CPU = Release|Any CPU
	EndGlobalSection
	GlobalSection(ProjectConfigurationPlatforms) = postSolution
		{6FE57FDA-6D5E-42B0-8870-9A359980C3D6}.Debug|Any CPU.ActiveCfg = Debug|Any CPU
		{6FE57FDA-6D5E-42B0-8870-9A359980C3D6}.Debug|Any CPU.Build.0 = Debug|Any CPU
		{6FE57FDA-6D5E-42B0-8870-9A359980C3D6}.Release|Any CPU.ActiveCfg = Release|Any CPU
		{6FE57FDA-6D5E-42B0-8870-9A359980C3D6}.Release|Any CPU.Build.0 = Release|Any CPU
	EndGlobalSection
	GlobalSection(SolutionProperties) = preSolution
		HideSolutionNode = FALSE
	EndGlobalSection
	GlobalSection(ExtensibilityGlobals) = postSolution
		SolutionGuid = {D77F1C65-F92C-4515-9D1D-8F8868820C81}
	EndGlobalSection
EndGlobal
